
Microsoft Visual Studio Solution File, Format Version 12.00
# Visual Studio 14
VisualStudioVersion = 14.0.25420.1
MinimumVisualStudioVersion = 10.0.40219.1
Project("{FAE04EC0-301F-11D3-BF4B-00C04F79EFBC}") = "exercice01", "exercice01\exercice01.csproj", "{26DE56C8-0FAD-48A3-B26A-9D1D720AD810}"
EndProject
Project("{FAE04EC0-301F-11D3-BF4B-00C04F79EFBC}") = "ExerciceJeuxVersion2", "ExerciceJeuxVersion2\ExerciceJeuxVersion2.csproj", "{21591AD7-8822-411C-BC0D-09E87BE5A5D2}"
EndProject
Project("{FAE04EC0-301F-11D3-BF4B-00C04F79EFBC}") = "JeuxAnime", "JeuxAnime\JeuxAnime.csproj", "{753EEBE0-3805-49BD-8E04-16BDF8CA6EB9}"
EndProject
Project("{FAE04EC0-301F-11D3-BF4B-00C04F79EFBC}") = "TileSheet", "Game1\TileSheet.csproj", "{03F15CD9-D9BF-4537-941E-FF4E3D341447}"
EndProject
Global
	GlobalSection(SolutionConfigurationPlatforms) = preSolution
		Debug|x86 = Debug|x86
		Release|x86 = Release|x86
	EndGlobalSection
	GlobalSection(ProjectConfigurationPlatforms) = postSolution
		{26DE56C8-0FAD-48A3-B26A-9D1D720AD810}.Debug|x86.ActiveCfg = Debug|x86
		{26DE56C8-0FAD-48A3-B26A-9D1D720AD810}.Debug|x86.Build.0 = Debug|x86
		{26DE56C8-0FAD-48A3-B26A-9D1D720AD810}.Release|x86.ActiveCfg = Release|x86
		{26DE56C8-0FAD-48A3-B26A-9D1D720AD810}.Release|x86.Build.0 = Release|x86
		{21591AD7-8822-411C-BC0D-09E87BE5A5D2}.Debug|x86.ActiveCfg = Debug|x86
		{21591AD7-8822-411C-BC0D-09E87BE5A5D2}.Debug|x86.Build.0 = Debug|x86
		{21591AD7-8822-411C-BC0D-09E87BE5A5D2}.Release|x86.ActiveCfg = Release|x86
		{21591AD7-8822-411C-BC0D-09E87BE5A5D2}.Release|x86.Build.0 = Release|x86
		{753EEBE0-3805-49BD-8E04-16BDF8CA6EB9}.Debug|x86.ActiveCfg = Debug|x86
		{753EEBE0-3805-49BD-8E04-16BDF8CA6EB9}.Debug|x86.Build.0 = Debug|x86
		{753EEBE0-3805-49BD-8E04-16BDF8CA6EB9}.Release|x86.ActiveCfg = Release|x86
		{753EEBE0-3805-49BD-8E04-16BDF8CA6EB9}.Release|x86.Build.0 = Release|x86
		{03F15CD9-D9BF-4537-941E-FF4E3D341447}.Debug|x86.ActiveCfg = Debug|x86
		{03F15CD9-D9BF-4537-941E-FF4E3D341447}.Debug|x86.Build.0 = Debug|x86
		{03F15CD9-D9BF-4537-941E-FF4E3D341447}.Release|x86.ActiveCfg = Release|x86
		{03F15CD9-D9BF-4537-941E-FF4E3D341447}.Release|x86.Build.0 = Release|x86
	EndGlobalSection
	GlobalSection(SolutionProperties) = preSolution
		HideSolutionNode = FALSE
	EndGlobalSection
EndGlobal
